{
  "R": {
    "Version": "4.2.0",
    "Repositories": [
      {
        "Name": "RSPM",
        "URL": "https://packagemanager.rstudio.com/all/latest"
      },
      {
        "Name": "CRAN",
        "URL": "https://cloud.r-project.org"
      }
    ]
  },
  "Packages": {
    "coolcool": {
      "Package": "coolcool",
      "Version": "2.0.0",
      "Source": "GitHub",
      "RemoteType": "github",
      "RemoteHost": "api.github.com",
      "RemoteUsername": "maelle",
      "RemoteRepo": "coolcool",
      "RemoteRef": "v2.0.0",
      "RemoteSha": "0b896d6c30dfb2b0ace3a881642769851aaf100c",
      "Hash": "8da8b82994ba0ecdc7d2c6cee0cd8b76",
      "Requirements": []
    },
    "renv": {
      "Package": "renv",
      "Version": "0.15.5",
      "Source": "Repository",
      "Repository": "RSPM",
      "Hash": "6a38294e7d12f5d8e656b08c5bd8ae34",
      "Requirements": []
    }
  }
}
